Microsoft Visual Studio Solution File, Format Version 12.00
# Visual Studio Version 17
VisualStudioVersion = 17.5.2.0
MinimumVisualStudioVersion = 10.0.40219.1
Project("{FAE04EC0-301F-11D3-BF4B-00C04F79EFBC}") = "learning_cicd", "learning_cicd.csproj", "{5BCCABCD-F0BA-2BB9-7FAA-232540E642E1}"
EndProject
Global
	GlobalSection(SolutionConfigurationPlatforms) = preSolution
		Debug|Any CPU = Debug|Any CPU
		Release|Any CPU = Release|Any CPU
	EndGlobalSection
	GlobalSection(ProjectConfigurationPlatforms) = postSolution
		{5BCCABCD-F0BA-2BB9-7FAA-232540E642E1}.Debug|Any CPU.ActiveCfg = Debug|Any CPU
		{5BCCABCD-F0BA-2BB9-7FAA-232540E642E1}.Debug|Any CPU.Build.0 = Debug|Any CPU
		{5BCCABCD-F0BA-2BB9-7FAA-232540E642E1}.Release|Any CPU.ActiveCfg = Release|Any CPU
		{5BCCABCD-F0BA-2BB9-7FAA-232540E642E1}.Release|Any CPU.Build.0 = Release|Any CPU
	EndGlobalSection
	GlobalSection(SolutionProperties) = preSolution
		HideSolutionNode = FALSE
	EndGlobalSection
	GlobalSection(ExtensibilityGlobals) = postSolution
		SolutionGuid = {969DF8D6-76E7-4282-942B-645678BE8DDE}
	EndGlobalSection
EndGlobal
